
Microsoft Visual Studio Solution File, Format Version 12.00
# Visual Studio 2013
VisualStudioVersion = 12.0.31101.0
MinimumVisualStudioVersion = 10.0.40219.1
Project("{FAE04EC0-301F-11D3-BF4B-00C04F79EFBC}") = "VendingManagement", "VendingManagement\VendingManagement.csproj", "{DB47F060-0372-46F4-987A-6ED7C27FFD63}"
EndProject
Project("{F088123C-0E9E-452A-89E6-6BA2F21D5CAC}") = "VendingManagement_Database_UML", "VendingManagement_Database_UML\VendingManagement_Database_UML.modelproj", "{797EAF75-BDA0-45AE-801C-3599F2564D63}"
EndProject
Project("{FAE04EC0-301F-11D3-BF4B-00C04F79EFBC}") = "Database Unit Test", "Database Unit Test\Database Unit Test.csproj", "{BC423069-7495-4A0F-827F-722187CBE8BC}"
EndProject
Project("{FAE04EC0-301F-11D3-BF4B-00C04F79EFBC}") = "ExportUnitTest", "UnitTestProject1\ExportUnitTest.csproj", "{1109DB48-0CD1-4FDF-8502-3E4CE65516EC}"
EndProject
Project("{FAE04EC0-301F-11D3-BF4B-00C04F79EFBC}") = "Machine Unit Test", "Machine Unit Test\Machine Unit Test.csproj", "{5FC73E64-0A86-48A8-AE7A-C506B6D31F9D}"
EndProject
Project("{FAE04EC0-301F-11D3-BF4B-00C04F79EFBC}") = "Product Unit Test", "Product Unit Test\Product Unit Test.csproj", "{73C53A65-B042-44B5-94C1-15B6C66E3B9F}"
EndProject
Project("{FAE04EC0-301F-11D3-BF4B-00C04F79EFBC}") = "Employee Unit Test", "Employee Unit Test\Employee Unit Test.csproj", "{428F9199-D87E-408A-874E-5754112093B6}"
EndProject
Global
	GlobalSection(SolutionConfigurationPlatforms) = preSolution
		Debug|Any CPU = Debug|Any CPU
		Release|Any CPU = Release|Any CPU
	EndGlobalSection
	GlobalSection(ProjectConfigurationPlatforms) = postSolution
		{DB47F060-0372-46F4-987A-6ED7C27FFD63}.Debug|Any CPU.ActiveCfg = Debug|Any CPU
		{DB47F060-0372-46F4-987A-6ED7C27FFD63}.Debug|Any CPU.Build.0 = Debug|Any CPU
		{DB47F060-0372-46F4-987A-6ED7C27FFD63}.Release|Any CPU.ActiveCfg = Release|Any CPU
		{DB47F060-0372-46F4-987A-6ED7C27FFD63}.Release|Any CPU.Build.0 = Release|Any CPU
		{797EAF75-BDA0-45AE-801C-3599F2564D63}.Debug|Any CPU.ActiveCfg = Debug|Any CPU
		{797EAF75-BDA0-45AE-801C-3599F2564D63}.Debug|Any CPU.Build.0 = Debug|Any CPU
		{797EAF75-BDA0-45AE-801C-3599F2564D63}.Release|Any CPU.ActiveCfg = Release|Any CPU
		{797EAF75-BDA0-45AE-801C-3599F2564D63}.Release|Any CPU.Build.0 = Release|Any CPU
		{BC423069-7495-4A0F-827F-722187CBE8BC}.Debug|Any CPU.ActiveCfg = Debug|Any CPU
		{BC423069-7495-4A0F-827F-722187CBE8BC}.Debug|Any CPU.Build.0 = Debug|Any CPU
		{BC423069-7495-4A0F-827F-722187CBE8BC}.Release|Any CPU.ActiveCfg = Release|Any CPU
		{BC423069-7495-4A0F-827F-722187CBE8BC}.Release|Any CPU.Build.0 = Release|Any CPU
		{1109DB48-0CD1-4FDF-8502-3E4CE65516EC}.Debug|Any CPU.ActiveCfg = Debug|Any CPU
		{1109DB48-0CD1-4FDF-8502-3E4CE65516EC}.Debug|Any CPU.Build.0 = Debug|Any CPU
		{1109DB48-0CD1-4FDF-8502-3E4CE65516EC}.Release|Any CPU.ActiveCfg = Release|Any CPU
		{1109DB48-0CD1-4FDF-8502-3E4CE65516EC}.Release|Any CPU.Build.0 = Release|Any CPU
		{5FC73E64-0A86-48A8-AE7A-C506B6D31F9D}.Debug|Any CPU.ActiveCfg = Debug|Any CPU
		{5FC73E64-0A86-48A8-AE7A-C506B6D31F9D}.Debug|Any CPU.Build.0 = Debug|Any CPU
		{5FC73E64-0A86-48A8-AE7A-C506B6D31F9D}.Release|Any CPU.ActiveCfg = Release|Any CPU
		{5FC73E64-0A86-48A8-AE7A-C506B6D31F9D}.Release|Any CPU.Build.0 = Release|Any CPU
		{73C53A65-B042-44B5-94C1-15B6C66E3B9F}.Debug|Any CPU.ActiveCfg = Debug|Any CPU
		{73C53A65-B042-44B5-94C1-15B6C66E3B9F}.Debug|Any CPU.Build.0 = Debug|Any CPU
		{73C53A65-B042-44B5-94C1-15B6C66E3B9F}.Release|Any CPU.ActiveCfg = Release|Any CPU
		{73C53A65-B042-44B5-94C1-15B6C66E3B9F}.Release|Any CPU.Build.0 = Release|Any CPU
		{428F9199-D87E-408A-874E-5754112093B6}.Debug|Any CPU.ActiveCfg = Debug|Any CPU
		{428F9199-D87E-408A-874E-5754112093B6}.Debug|Any CPU.Build.0 = Debug|Any CPU
		{428F9199-D87E-408A-874E-5754112093B6}.Release|Any CPU.ActiveCfg = Release|Any CPU
		{428F9199-D87E-408A-874E-5754112093B6}.Release|Any CPU.Build.0 = Release|Any CPU
	EndGlobalSection
	GlobalSection(SolutionProperties) = preSolution
		HideSolutionNode = FALSE
	EndGlobalSection
EndGlobal
