
Microsoft Visual Studio Solution File, Format Version 12.00
# Visual Studio 2013
VisualStudioVersion = 12.0.31101.0
MinimumVisualStudioVersion = 10.0.40219.1
Project("{FAE04EC0-301F-11D3-BF4B-00C04F79EFBC}") = "VendingManagement", "VendingManagement\VendingManagement.csproj", "{DB47F060-0372-46F4-987A-6ED7C27FFD63}"
EndProject
Project("{F088123C-0E9E-452A-89E6-6BA2F21D5CAC}") = "VendingManagement_Database_UML", "VendingManagement_Database_UML\VendingManagement_Database_UML.modelproj", "{797EAF75-BDA0-45AE-801C-3599F2564D63}"
EndProject
Global
	GlobalSection(SolutionConfigurationPlatforms) = preSolution
		Debug|Any CPU = Debug|Any CPU
		Release|Any CPU = Release|Any CPU
	EndGlobalSection
	GlobalSection(ProjectConfigurationPlatforms) = postSolution
		{DB47F060-0372-46F4-987A-6ED7C27FFD63}.Debug|Any CPU.ActiveCfg = Debug|Any CPU
		{DB47F060-0372-46F4-987A-6ED7C27FFD63}.Debug|Any CPU.Build.0 = Debug|Any CPU
		{DB47F060-0372-46F4-987A-6ED7C27FFD63}.Release|Any CPU.ActiveCfg = Release|Any CPU
		{DB47F060-0372-46F4-987A-6ED7C27FFD63}.Release|Any CPU.Build.0 = Release|Any CPU
		{797EAF75-BDA0-45AE-801C-3599F2564D63}.Debug|Any CPU.ActiveCfg = Debug|Any CPU
		{797EAF75-BDA0-45AE-801C-3599F2564D63}.Debug|Any CPU.Build.0 = Debug|Any CPU
		{797EAF75-BDA0-45AE-801C-3599F2564D63}.Release|Any CPU.ActiveCfg = Release|Any CPU
		{797EAF75-BDA0-45AE-801C-3599F2564D63}.Release|Any CPU.Build.0 = Release|Any CPU
	EndGlobalSection
	GlobalSection(SolutionProperties) = preSolution
		HideSolutionNode = FALSE
	EndGlobalSection
EndGlobal
